PODS:
  - Capacitor (7.4.2):
    - CapacitorCordova
  - CapacitorCordova (7.4.2)
  - PurchasesHybridCommon (15.0.0):
    - RevenueCat (= 5.33.0)
  - RevenueCat (5.33.0)
  - RevenuecatPurchasesCapacitor (11.0.0):
    - Capacitor
    - PurchasesHybridCommon (= 15.0.0)

DEPENDENCIES:
  - "Capacitor (from `../../node_modules/@capacitor/ios`)"
  - "CapacitorCordova (from `../../node_modules/@capacitor/ios`)"
  - "RevenuecatPurchasesCapacitor (from `../../node_modules/@revenuecat/purchases-capacitor`)"

SPEC REPOS:
  trunk:
    - PurchasesHybridCommon
    - RevenueCat

EXTERNAL SOURCES:
  Capacitor:
    :path: "../../node_modules/@capacitor/ios"
  CapacitorCordova:
    :path: "../../node_modules/@capacitor/ios"
  RevenuecatPurchasesCapacitor:
    :path: "../../node_modules/@revenuecat/purchases-capacitor"

SPEC CHECKSUMS:
  Capacitor: 156d98aba46ec01dde72c4bbb92fa626837cad29
  CapacitorCordova: 5e58d04631bc5094894ac106e2bf1da18a9e6151
  PurchasesHybridCommon: 18b65ad813f50460d4af7e033abb5cc44a686a6f
  RevenueCat: 9fd6fc0ea8a22fd9d11242feb298f3bb6f9f86db
  RevenuecatPurchasesCapacitor: 1ee681cd7bf4bcf19aa597df23ffe1ba60245bdd

PODFILE CHECKSUM: a82bbc87868a08444ae433fe0a742992edb639de

COCOAPODS: 1.16.2
